dependencies:
  esp32-lora-library:
    dependencies: []
    source:
      path: /Users/universum/Developer/Studium/semester_12/mrb/auto_flight/shared_components/esp32-lora-library
      type: local
    version: '*'
  idf:
    source:
      type: idf
    version: 5.3.4
  serializer_helper:
    dependencies: []
    source:
      path: /Users/universum/Developer/Studium/semester_12/mrb/auto_flight/shared_components/serializer_helper
      type: local
    version: '*'
direct_dependencies:
- esp32-lora-library
- serializer_helper
manifest_hash: 2a33f6dcbb4cd317fc9fe6ac79dd80c5304933d20390c051d8e0607d012a07ab
target: esp32s3
version: 2.0.0
