dependencies:
  barometer:
    dependencies:
    - name: idf
      version: '>=4.1.0'
    - name: espressif/bme280
      version: ^0.1.1
    source:
      path: ../shared_components/barometer
      type: local
    version: '*'
  espressif/bme280:
    component_hash: 873d97d0bd30004f45d1653f078a4bafe39c1767e57d4bae0f0a13bc3a4d5e3d
    dependencies:
    - name: espressif/cmake_utilities
      registry_url: https://components.espressif.com
      require: private
      version: 0.*
    - name: espressif/i2c_bus
      registry_url: https://components.espressif.com
      require: public
      version: '*'
    - name: idf
      require: private
      version: '>=4.4'
    source:
      registry_url: https://components.espressif.com/
      type: service
    version: 0.1.1
  espressif/cmake_utilities:
    component_hash: 351350613ceafba240b761b4ea991e0f231ac7a9f59a9ee901f751bddc0bb18f
    dependencies:
    - name: idf
      require: private
      version: '>=4.1'
    source:
      registry_url: https://components.espressif.com
      type: service
    version: 0.5.3
  espressif/i2c_bus:
    component_hash: 804ec068d163570fd367b279a310ca383484630d2310c586b50def0bcf21de13
    dependencies:
    - name: espressif/cmake_utilities
      registry_url: https://components.espressif.com
      require: private
      version: '*'
    - name: idf
      require: private
      version: '>=4.0'
    source:
      registry_url: https://components.espressif.com/
      type: service
    version: 1.5.1
  espressif/mpu6050:
    dependencies: []
    source:
      path: ../shared_components/espressif__mpu6050
      type: local
    version: 1.2.1
  flight_data:
    dependencies:
    - name: idf
      version: '>=4.1.0'
    - name: johboh/nlohmann-json
      version: ^3.12.0
    source:
      path: ../shared_components/flight_data
      type: local
    version: '*'
  gps:
    dependencies: []
    source:
      path: ../shared_components/gps
      type: local
    version: '*'
  gyroscope:
    dependencies:
    - name: idf
      version: '>=4.1.0'
    - name: espressif/mpu6050
      version: ^1.1.1
    source:
      path: ../shared_components/gyroscope
      type: local
    version: '*'
  idf:
    source:
      type: idf
    version: 6.0.1
  jgromes/radiolib:
    dependencies: []
    source:
      path: ../shared_components/jgromes__radiolib
      type: local
    version: 7.6.0
  johboh/nlohmann-json:
    component_hash: 2a97e10124d755da820b0381e36a9a6504574328f262964ccea3f8b2f228fc66
    dependencies:
    - name: idf
      require: private
      version: '>=4.4'
    source:
      registry_url: https://components.espressif.com/
      type: service
    version: 3.12.0
  motor_com:
    dependencies: []
    source:
      path: components/motor_com_master
      type: local
    version: '*'
direct_dependencies:
- barometer
- espressif/bme280
- espressif/i2c_bus
- espressif/mpu6050
- flight_data
- gps
- gyroscope
- idf
- jgromes/radiolib
- johboh/nlohmann-json
- motor_com
manifest_hash: d1947a5e64d8f3f3ef90402f70a003f740bae7e61c039e365d551a714ee90289
target: esp32s3
version: 3.0.0
