dependencies:
  esp32-lora-library:
    dependencies: []
    source:
      path: ../shared_components/esp32-lora-library
      type: local
    version: '*'
  idf:
    source:
      type: idf
    version: 6.0.1
direct_dependencies:
- esp32-lora-library
manifest_hash: 96fd558a606356aac5391612a2be3e05fa415dcb4db3fcc71db0eae150d3731c
target: esp32s3
version: 3.0.0
