dependencies:
  flight_data:
    dependencies:
    - name: idf
      version: '>=4.1.0'
    - name: johboh/nlohmann-json
      version: ^3.12.0
    source:
      path: ../shared_components/flight_data
      type: local
    version: '*'
  idf:
    source:
      type: idf
    version: 6.0.1
  jgromes/radiolib:
    dependencies: []
    source:
      path: ../shared_components/jgromes__radiolib
      type: local
    version: 7.6.0
  johboh/nlohmann-json:
    component_hash: 2a97e10124d755da820b0381e36a9a6504574328f262964ccea3f8b2f228fc66
    dependencies:
    - name: idf
      require: private
      version: '>=4.4'
    source:
      registry_url: https://components.espressif.com/
      type: service
    version: 3.12.0
  joltwallet/littlefs:
    component_hash: 29eff7921c4e8bce021aeb7fff2723bfcafed661756de700646ea0f6223c2a32
    dependencies:
    - name: idf
      require: private
      version: '>=5.0'
    source:
      registry_url: https://components.espressif.com/
      type: service
    version: 1.21.1
direct_dependencies:
- flight_data
- idf
- jgromes/radiolib
- johboh/nlohmann-json
- joltwallet/littlefs
manifest_hash: eaba387db73bd1f7eadafd66b956bda42357a95408c50499ec06a6893be8efe5
target: esp32s3
version: 3.0.0
